schema_version: 3
id: lock
lemma: lock
pos:
- verb
- noun
ipa:
  us: /lɑk/
level:
  band: core
  basis:
  - ngsl
  cefr: B1
topics:
- offices
senses:
- meaning_vi: khóa; ổ khóa
  id: lock-1
examples:
- en: Please lock the office door when you leave for the night.
  vi: Vui lòng khóa cửa văn phòng khi bạn ra về vào buổi tối.
review:
  status: ai_draft
  reason: Mục từ NGSL hạng 1604. IPA lấy từ CMUdict (đổi sang IPA bằng quy tắc, vị trí dấu trọng âm theo
    heuristic); band TẠM theo hạng tần suất (ADR-005 chưa chốt); nghĩa, từ loại, chủ đề, câu ví dụ do
    AI viết, chưa duyệt.
  checked_at: '2026-10-11'
